Microsoft Visual Studio Solution File, Format Version 12.00
# Visual Studio Version 17
VisualStudioVersion = 17.5.2.0
MinimumVisualStudioVersion = 10.0.40219.1
Project("{FAE04EC0-301F-11D3-BF4B-00C04F79EFBC}") = "Examen parcial 2", "Examen parcial 2.csproj", "{7451B20F-5C8A-3EB0-63BC-87DE31D3CE01}"
EndProject
Global
	GlobalSection(SolutionConfigurationPlatforms) = preSolution
		Debug|Any CPU = Debug|Any CPU
		Release|Any CPU = Release|Any CPU
	EndGlobalSection
	GlobalSection(ProjectConfigurationPlatforms) = postSolution
		{7451B20F-5C8A-3EB0-63BC-87DE31D3CE01}.Debug|Any CPU.ActiveCfg = Debug|Any CPU
		{7451B20F-5C8A-3EB0-63BC-87DE31D3CE01}.Debug|Any CPU.Build.0 = Debug|Any CPU
		{7451B20F-5C8A-3EB0-63BC-87DE31D3CE01}.Release|Any CPU.ActiveCfg = Release|Any CPU
		{7451B20F-5C8A-3EB0-63BC-87DE31D3CE01}.Release|Any CPU.Build.0 = Release|Any CPU
	EndGlobalSection
	GlobalSection(SolutionProperties) = preSolution
		HideSolutionNode = FALSE
	EndGlobalSection
	GlobalSection(ExtensibilityGlobals) = postSolution
		SolutionGuid = {543ACA16-D96C-402B-BCD5-B085C8D4CDD8}
	EndGlobalSection
EndGlobal
